
Microsoft Visual Studio Solution File, Format Version 12.00
# Visual Studio Version 16
VisualStudioVersion = 16.0.33927.289
MinimumVisualStudioVersion = 10.0.40219.1
Project("{2150E333-8FDC-42A3-9474-1A3956D46DE8}") = "TaskReview", "TaskReview", "{152B281D-217E-4FBF-B3AF-46D5B99C5AE1}"
EndProject
Project("{FAE04EC0-301F-11D3-BF4B-00C04F79EFBC}") = "Tyuiu.PimenovaTS.Sprint5.TaskReview.V5", "Tyuiu.PimenovaTS.Sprint5.TaskReview.V5\Tyuiu.PimenovaTS.Sprint5.TaskReview.V5.csproj", "{2C96F7CE-12E8-4D96-A602-45058772D103}"
EndProject
Project("{FAE04EC0-301F-11D3-BF4B-00C04F79EFBC}") = "Tyuiu.PimenovaTS.Sprint5.TaskReview.V5.Lib", "Tyuiu.PimenovaTS.Sprint5.TaskReview.V5.Lib\Tyuiu.PimenovaTS.Sprint5.TaskReview.V5.Lib.csproj", "{C03E7DCA-0C05-4E9A-8D65-0C75CB1AB8FB}"
EndProject
Project("{FAE04EC0-301F-11D3-BF4B-00C04F79EFBC}") = "Tyuiu.PimenovaTS.Sprint5.TaskReview.V5.Test", "Tyuiu.PimenovaTS.Sprint5.TaskReview.V5.Test\Tyuiu.PimenovaTS.Sprint5.TaskReview.V5.Test.csproj", "{07248DD3-ED8E-4DA1-B2CE-D628A2D93C9F}"
EndProject
Global
	GlobalSection(SolutionConfigurationPlatforms) = preSolution
		Debug|Any CPU = Debug|Any CPU
		Release|Any CPU = Release|Any CPU
	EndGlobalSection
	GlobalSection(ProjectConfigurationPlatforms) = postSolution
		{2C96F7CE-12E8-4D96-A602-45058772D103}.Debug|Any CPU.ActiveCfg = Debug|Any CPU
		{2C96F7CE-12E8-4D96-A602-45058772D103}.Debug|Any CPU.Build.0 = Debug|Any CPU
		{2C96F7CE-12E8-4D96-A602-45058772D103}.Release|Any CPU.ActiveCfg = Release|Any CPU
		{2C96F7CE-12E8-4D96-A602-45058772D103}.Release|Any CPU.Build.0 = Release|Any CPU
		{C03E7DCA-0C05-4E9A-8D65-0C75CB1AB8FB}.Debug|Any CPU.ActiveCfg = Debug|Any CPU
		{C03E7DCA-0C05-4E9A-8D65-0C75CB1AB8FB}.Debug|Any CPU.Build.0 = Debug|Any CPU
		{C03E7DCA-0C05-4E9A-8D65-0C75CB1AB8FB}.Release|Any CPU.ActiveCfg = Release|Any CPU
		{C03E7DCA-0C05-4E9A-8D65-0C75CB1AB8FB}.Release|Any CPU.Build.0 = Release|Any CPU
		{07248DD3-ED8E-4DA1-B2CE-D628A2D93C9F}.Debug|Any CPU.ActiveCfg = Debug|Any CPU
		{07248DD3-ED8E-4DA1-B2CE-D628A2D93C9F}.Debug|Any CPU.Build.0 = Debug|Any CPU
		{07248DD3-ED8E-4DA1-B2CE-D628A2D93C9F}.Release|Any CPU.ActiveCfg = Release|Any CPU
		{07248DD3-ED8E-4DA1-B2CE-D628A2D93C9F}.Release|Any CPU.Build.0 = Release|Any CPU
	EndGlobalSection
	GlobalSection(SolutionProperties) = preSolution
		HideSolutionNode = FALSE
	EndGlobalSection
	GlobalSection(NestedProjects) = preSolution
		{2C96F7CE-12E8-4D96-A602-45058772D103} = {152B281D-217E-4FBF-B3AF-46D5B99C5AE1}
		{C03E7DCA-0C05-4E9A-8D65-0C75CB1AB8FB} = {152B281D-217E-4FBF-B3AF-46D5B99C5AE1}
		{07248DD3-ED8E-4DA1-B2CE-D628A2D93C9F} = {152B281D-217E-4FBF-B3AF-46D5B99C5AE1}
	EndGlobalSection
	GlobalSection(ExtensibilityGlobals) = postSolution
		SolutionGuid = {13064246-0AD7-4B56-BBE0-808F02A97A8D}
	EndGlobalSection
EndGlobal
